{
  "name": "vindication.js",
  "version": "4.12.1",
  "lockfileVersion": 1,
  "requires": true,
  "dependencies": {
    "isa.js": {
      "version": "2.2.2",
      "resolved": "https://registry.npmjs.org/isa.js/-/isa.js-2.2.2.tgz",
      "integrity": "sha512-JlmQw9y+59bpculXfFOKqMzJGJEWk2JdeQhW1EjEfQYtcKLbwtql4ImBCaYWxX9Ze/eXCqKK9oxAsmIKkA0wZw=="
    }
  }
}
