{
  "name": "vindication.js",
  "version": "4.15.11",
  "lockfileVersion": 1,
  "requires": true,
  "dependencies": {
    "isa.js": {
      "version": "2.2.10",
      "resolved": "https://registry.npmjs.org/isa.js/-/isa.js-2.2.10.tgz",
      "integrity": "sha512-W5ZpXa8MPaBO5+FlLtgjmSDrO63jzyc9nNGQCGKQKrp6k58n3lYeeHevrvY2uP33cW+OTyw/U6gcnbO5W6B3Zg=="
    }
  }
}
